
Microsoft Visual Studio Solution File, Format Version 12.00
# Visual Studio Version 16
VisualStudioVersion = 16.0.30804.86
MinimumVisualStudioVersion = 10.0.40219.1
Project("{FAE04EC0-301F-11D3-BF4B-00C04F79EFBC}") = "IPSB", "IPSB\IPSB.csproj", "{CDDDF117-24BC-4880-AB2D-0B00AC3B1298}"
EndProject
Project("{FAE04EC0-301F-11D3-BF4B-00C04F79EFBC}") = "IPSB.Core", "IPSB.Core\IPSB.Core.csproj", "{2E133E76-CCE3-4591-9891-7804B3D7F30C}"
EndProject
Project("{FAE04EC0-301F-11D3-BF4B-00C04F79EFBC}") = "IPSB.Infrastructure", "IPSB.Infrastructure\IPSB.Infrastructure.csproj", "{C1ED1D70-35E2-4BAB-BDF6-90AAB813B9B3}"
EndProject
Global
	GlobalSection(SolutionConfigurationPlatforms) = preSolution
		Debug|Any CPU = Debug|Any CPU
		Release|Any CPU = Release|Any CPU
	EndGlobalSection
	GlobalSection(ProjectConfigurationPlatforms) = postSolution
		{CDDDF117-24BC-4880-AB2D-0B00AC3B1298}.Debug|Any CPU.ActiveCfg = Debug|Any CPU
		{CDDDF117-24BC-4880-AB2D-0B00AC3B1298}.Debug|Any CPU.Build.0 = Debug|Any CPU
		{CDDDF117-24BC-4880-AB2D-0B00AC3B1298}.Release|Any CPU.ActiveCfg = Release|Any CPU
		{CDDDF117-24BC-4880-AB2D-0B00AC3B1298}.Release|Any CPU.Build.0 = Release|Any CPU
		{2E133E76-CCE3-4591-9891-7804B3D7F30C}.Debug|Any CPU.ActiveCfg = Debug|Any CPU
		{2E133E76-CCE3-4591-9891-7804B3D7F30C}.Debug|Any CPU.Build.0 = Debug|Any CPU
		{2E133E76-CCE3-4591-9891-7804B3D7F30C}.Release|Any CPU.ActiveCfg = Release|Any CPU
		{2E133E76-CCE3-4591-9891-7804B3D7F30C}.Release|Any CPU.Build.0 = Release|Any CPU
		{C1ED1D70-35E2-4BAB-BDF6-90AAB813B9B3}.Debug|Any CPU.ActiveCfg = Debug|Any CPU
		{C1ED1D70-35E2-4BAB-BDF6-90AAB813B9B3}.Debug|Any CPU.Build.0 = Debug|Any CPU
		{C1ED1D70-35E2-4BAB-BDF6-90AAB813B9B3}.Release|Any CPU.ActiveCfg = Release|Any CPU
		{C1ED1D70-35E2-4BAB-BDF6-90AAB813B9B3}.Release|Any CPU.Build.0 = Release|Any CPU
	EndGlobalSection
	GlobalSection(SolutionProperties) = preSolution
		HideSolutionNode = FALSE
	EndGlobalSection
	GlobalSection(ExtensibilityGlobals) = postSolution
		SolutionGuid = {761F95AE-82D8-4508-B498-F1F281587078}
	EndGlobalSection
EndGlobal
